
Microsoft Visual Studio Solution File, Format Version 12.00
# Visual Studio 15
VisualStudioVersion = 15.0.28307.1259
MinimumVisualStudioVersion = 10.0.40219.1
Project("{FAE04EC0-301F-11D3-BF4B-00C04F79EFBC}") = "ThreeWorkTool", "ThreeWorkTool\ThreeWorkTool.csproj", "{CC5F308C-BA71-4534-A570-8B16963C093C}"
EndProject
Global
	GlobalSection(SolutionConfigurationPlatforms) = preSolution
		Debug|Any CPU = Debug|Any CPU
		Release|Any CPU = Release|Any CPU
	EndGlobalSection
	GlobalSection(ProjectConfigurationPlatforms) = postSolution
		{CC5F308C-BA71-4534-A570-8B16963C093C}.Debug|Any CPU.ActiveCfg = Debug|Any CPU
		{CC5F308C-BA71-4534-A570-8B16963C093C}.Debug|Any CPU.Build.0 = Debug|Any CPU
		{CC5F308C-BA71-4534-A570-8B16963C093C}.Release|Any CPU.ActiveCfg = Release|Any CPU
		{CC5F308C-BA71-4534-A570-8B16963C093C}.Release|Any CPU.Build.0 = Release|Any CPU
	EndGlobalSection
	GlobalSection(SolutionProperties) = preSolution
		HideSolutionNode = FALSE
	EndGlobalSection
	GlobalSection(ExtensibilityGlobals) = postSolution
		SolutionGuid = {8FDFA28B-8E89-4A09-99D3-7035A218BDC9}
	EndGlobalSection
EndGlobal
